
Microsoft Visual Studio Solution File, Format Version 12.00
# Visual Studio 15
VisualStudioVersion = 15.0.28307.539
MinimumVisualStudioVersion = 10.0.40219.1
Project("{FAE04EC0-301F-11D3-BF4B-00C04F79EFBC}") = "LP_LAB-12", "LP_LAB-12\LP_LAB-12.csproj", "{12468C7C-BE47-423C-A5C7-1A4D89C5DCE9}"
EndProject
Global
	GlobalSection(SolutionConfigurationPlatforms) = preSolution
		Debug|Any CPU = Debug|Any CPU
		Release|Any CPU = Release|Any CPU
	EndGlobalSection
	GlobalSection(ProjectConfigurationPlatforms) = postSolution
		{12468C7C-BE47-423C-A5C7-1A4D89C5DCE9}.Debug|Any CPU.ActiveCfg = Debug|Any CPU
		{12468C7C-BE47-423C-A5C7-1A4D89C5DCE9}.Debug|Any CPU.Build.0 = Debug|Any CPU
		{12468C7C-BE47-423C-A5C7-1A4D89C5DCE9}.Release|Any CPU.ActiveCfg = Release|Any CPU
		{12468C7C-BE47-423C-A5C7-1A4D89C5DCE9}.Release|Any CPU.Build.0 = Release|Any CPU
	EndGlobalSection
	GlobalSection(SolutionProperties) = preSolution
		HideSolutionNode = FALSE
	EndGlobalSection
	GlobalSection(ExtensibilityGlobals) = postSolution
		SolutionGuid = {03C39FFD-06DE-434C-AE9F-D1553C3330CB}
	EndGlobalSection
EndGlobal
