
Microsoft Visual Studio Solution File, Format Version 12.00
# Visual Studio 15
VisualStudioVersion = 15.0.28307.539
MinimumVisualStudioVersion = 10.0.40219.1
Project("{FAE04EC0-301F-11D3-BF4B-00C04F79EFBC}") = "LP_LAB-11", "LP_LAB-11\LP_LAB-11.csproj", "{C1FF6781-3960-4721-A35C-68A9BEE08692}"
EndProject
Global
	GlobalSection(SolutionConfigurationPlatforms) = preSolution
		Debug|Any CPU = Debug|Any CPU
		Release|Any CPU = Release|Any CPU
	EndGlobalSection
	GlobalSection(ProjectConfigurationPlatforms) = postSolution
		{C1FF6781-3960-4721-A35C-68A9BEE08692}.Debug|Any CPU.ActiveCfg = Debug|Any CPU
		{C1FF6781-3960-4721-A35C-68A9BEE08692}.Debug|Any CPU.Build.0 = Debug|Any CPU
		{C1FF6781-3960-4721-A35C-68A9BEE08692}.Release|Any CPU.ActiveCfg = Release|Any CPU
		{C1FF6781-3960-4721-A35C-68A9BEE08692}.Release|Any CPU.Build.0 = Release|Any CPU
	EndGlobalSection
	GlobalSection(SolutionProperties) = preSolution
		HideSolutionNode = FALSE
	EndGlobalSection
	GlobalSection(ExtensibilityGlobals) = postSolution
		SolutionGuid = {76000645-572E-40C3-A9E0-8659FA172D1A}
	EndGlobalSection
EndGlobal
