
Microsoft Visual Studio Solution File, Format Version 12.00
# Visual Studio 15
VisualStudioVersion = 15.0.28307.539
MinimumVisualStudioVersion = 10.0.40219.1
Project("{FAE04EC0-301F-11D3-BF4B-00C04F79EFBC}") = "LAB-06", "LAB-06\LAB-06.csproj", "{CFF0B89C-1ACD-4B6A-8F1B-64C61FA83DEF}"
EndProject
Global
	GlobalSection(SolutionConfigurationPlatforms) = preSolution
		Debug|Any CPU = Debug|Any CPU
		Release|Any CPU = Release|Any CPU
	EndGlobalSection
	GlobalSection(ProjectConfigurationPlatforms) = postSolution
		{CFF0B89C-1ACD-4B6A-8F1B-64C61FA83DEF}.Debug|Any CPU.ActiveCfg = Debug|Any CPU
		{CFF0B89C-1ACD-4B6A-8F1B-64C61FA83DEF}.Debug|Any CPU.Build.0 = Debug|Any CPU
		{CFF0B89C-1ACD-4B6A-8F1B-64C61FA83DEF}.Release|Any CPU.ActiveCfg = Release|Any CPU
		{CFF0B89C-1ACD-4B6A-8F1B-64C61FA83DEF}.Release|Any CPU.Build.0 = Release|Any CPU
	EndGlobalSection
	GlobalSection(SolutionProperties) = preSolution
		HideSolutionNode = FALSE
	EndGlobalSection
	GlobalSection(ExtensibilityGlobals) = postSolution
		SolutionGuid = {77F932B4-8BE6-4FAE-82C7-F5CAE9589E1D}
	EndGlobalSection
EndGlobal
