
Microsoft Visual Studio Solution File, Format Version 12.00
# Visual Studio 15
VisualStudioVersion = 15.0.28307.539
MinimumVisualStudioVersion = 10.0.40219.1
Project("{FAE04EC0-301F-11D3-BF4B-00C04F79EFBC}") = "LAB-04", "LAB-04\LAB-04.csproj", "{4F48807D-E479-4F49-868F-7248D76AF373}"
EndProject
Global
	GlobalSection(SolutionConfigurationPlatforms) = preSolution
		Debug|Any CPU = Debug|Any CPU
		Release|Any CPU = Release|Any CPU
	EndGlobalSection
	GlobalSection(ProjectConfigurationPlatforms) = postSolution
		{4F48807D-E479-4F49-868F-7248D76AF373}.Debug|Any CPU.ActiveCfg = Debug|Any CPU
		{4F48807D-E479-4F49-868F-7248D76AF373}.Debug|Any CPU.Build.0 = Debug|Any CPU
		{4F48807D-E479-4F49-868F-7248D76AF373}.Release|Any CPU.ActiveCfg = Release|Any CPU
		{4F48807D-E479-4F49-868F-7248D76AF373}.Release|Any CPU.Build.0 = Release|Any CPU
	EndGlobalSection
	GlobalSection(SolutionProperties) = preSolution
		HideSolutionNode = FALSE
	EndGlobalSection
	GlobalSection(ExtensibilityGlobals) = postSolution
		SolutionGuid = {D346CF09-9563-4D05-9FE4-3DF49368F5DA}
	EndGlobalSection
EndGlobal
