
Microsoft Visual Studio Solution File, Format Version 12.00
# Visual Studio 15
VisualStudioVersion = 15.0.28307.539
MinimumVisualStudioVersion = 10.0.40219.1
Project("{FAE04EC0-301F-11D3-BF4B-00C04F79EFBC}") = "CS_LAB-02", "CS_LAB-02\CS_LAB-02.csproj", "{F13AB335-8016-442B-A219-4B3CA1AE09CA}"
EndProject
Global
	GlobalSection(SolutionConfigurationPlatforms) = preSolution
		Debug|Any CPU = Debug|Any CPU
		Release|Any CPU = Release|Any CPU
	EndGlobalSection
	GlobalSection(ProjectConfigurationPlatforms) = postSolution
		{F13AB335-8016-442B-A219-4B3CA1AE09CA}.Debug|Any CPU.ActiveCfg = Debug|Any CPU
		{F13AB335-8016-442B-A219-4B3CA1AE09CA}.Debug|Any CPU.Build.0 = Debug|Any CPU
		{F13AB335-8016-442B-A219-4B3CA1AE09CA}.Release|Any CPU.ActiveCfg = Release|Any CPU
		{F13AB335-8016-442B-A219-4B3CA1AE09CA}.Release|Any CPU.Build.0 = Release|Any CPU
	EndGlobalSection
	GlobalSection(SolutionProperties) = preSolution
		HideSolutionNode = FALSE
	EndGlobalSection
	GlobalSection(ExtensibilityGlobals) = postSolution
		SolutionGuid = {A10D0412-147F-40F2-8703-781FA56514DC}
	EndGlobalSection
EndGlobal
