
Microsoft Visual Studio Solution File, Format Version 12.00
# Visual Studio 15
VisualStudioVersion = 15.0.28307.539
MinimumVisualStudioVersion = 10.0.40219.1
Project("{FAE04EC0-301F-11D3-BF4B-00C04F79EFBC}") = "LAB-03", "LAB-03\LAB-03.csproj", "{0CAF9CAA-5505-4878-9078-3A60195C4DBB}"
EndProject
Global
	GlobalSection(SolutionConfigurationPlatforms) = preSolution
		Debug|Any CPU = Debug|Any CPU
		Release|Any CPU = Release|Any CPU
	EndGlobalSection
	GlobalSection(ProjectConfigurationPlatforms) = postSolution
		{0CAF9CAA-5505-4878-9078-3A60195C4DBB}.Debug|Any CPU.ActiveCfg = Debug|Any CPU
		{0CAF9CAA-5505-4878-9078-3A60195C4DBB}.Debug|Any CPU.Build.0 = Debug|Any CPU
		{0CAF9CAA-5505-4878-9078-3A60195C4DBB}.Release|Any CPU.ActiveCfg = Release|Any CPU
		{0CAF9CAA-5505-4878-9078-3A60195C4DBB}.Release|Any CPU.Build.0 = Release|Any CPU
	EndGlobalSection
	GlobalSection(SolutionProperties) = preSolution
		HideSolutionNode = FALSE
	EndGlobalSection
	GlobalSection(ExtensibilityGlobals) = postSolution
		SolutionGuid = {A0EBFD4B-AE0A-442A-9658-044F72141F4F}
	EndGlobalSection
EndGlobal
